
Microsoft Visual Studio Solution File, Format Version 12.00
Project("{FAE04EC0-301F-11D3-BF4B-00C04F79EFBC}") = "Module1Review", "Module1Review\Module1Review.csproj", "{8F3F9CF1-639B-4DD8-BF66-142FD1CC9C4C}"
EndProject
Global
	GlobalSection(SolutionConfigurationPlatforms) = preSolution
		Debug|Any CPU = Debug|Any CPU
		Release|Any CPU = Release|Any CPU
	EndGlobalSection
	GlobalSection(ProjectConfigurationPlatforms) = postSolution
		{8F3F9CF1-639B-4DD8-BF66-142FD1CC9C4C}.Debug|Any CPU.ActiveCfg = Debug|Any CPU
		{8F3F9CF1-639B-4DD8-BF66-142FD1CC9C4C}.Debug|Any CPU.Build.0 = Debug|Any CPU
		{8F3F9CF1-639B-4DD8-BF66-142FD1CC9C4C}.Release|Any CPU.ActiveCfg = Release|Any CPU
		{8F3F9CF1-639B-4DD8-BF66-142FD1CC9C4C}.Release|Any CPU.Build.0 = Release|Any CPU
	EndGlobalSection
EndGlobal
